
Microsoft Visual Studio Solution File, Format Version 12.00
# Visual Studio Version 17
VisualStudioVersion = 17.2.32516.85
MinimumVisualStudioVersion = 10.0.40219.1
Project("{FAE04EC0-301F-11D3-BF4B-00C04F79EFBC}") = "02", "02.csproj", "{2B261194-5C0E-4DDC-A2AC-F2A707556E53}"
EndProject
Global
	GlobalSection(SolutionConfigurationPlatforms) = preSolution
		Debug|Any CPU = Debug|Any CPU
		Release|Any CPU = Release|Any CPU
	EndGlobalSection
	GlobalSection(ProjectConfigurationPlatforms) = postSolution
		{2B261194-5C0E-4DDC-A2AC-F2A707556E53}.Debug|Any CPU.ActiveCfg = Debug|Any CPU
		{2B261194-5C0E-4DDC-A2AC-F2A707556E53}.Debug|Any CPU.Build.0 = Debug|Any CPU
		{2B261194-5C0E-4DDC-A2AC-F2A707556E53}.Release|Any CPU.ActiveCfg = Release|Any CPU
		{2B261194-5C0E-4DDC-A2AC-F2A707556E53}.Release|Any CPU.Build.0 = Release|Any CPU
	EndGlobalSection
	GlobalSection(SolutionProperties) = preSolution
		HideSolutionNode = FALSE
	EndGlobalSection
	GlobalSection(ExtensibilityGlobals) = postSolution
		SolutionGuid = {3F029638-0E67-44DA-B35F-0FC6598BFCE0}
	EndGlobalSection
EndGlobal
